{
  "name": "video-recording-logic",
  "version": "1.0.0",
  "lockfileVersion": 2,
  "requires": true,
  "packages": {
    "": {
      "name": "video-recording-logic",
      "version": "1.0.0",
      "license": "MIT",
      "dependencies": {
        "react-native-video-recorder": "^0.2.0"
      }
    },
    "node_modules/react-native-video-recorder": {
      "version": "0.2.0",
      "resolved": "https://registry.npmjs.org/react-native-video-recorder/-/react-native-video-recorder-0.2.0.tgz",
      "integrity": "sha512-Q/wCeoCYZztsR7cLgGcnLj96lNvRWiRBZFstYMpYKtDNcstSkrxCZtz7aXNBDvWNk2eaBs6KD9HPcIRfm91nig=="
    }
  },
  "dependencies": {
    "react-native-video-recorder": {
      "version": "0.2.0",
      "resolved": "https://registry.npmjs.org/react-native-video-recorder/-/react-native-video-recorder-0.2.0.tgz",
      "integrity": "sha512-Q/wCeoCYZztsR7cLgGcnLj96lNvRWiRBZFstYMpYKtDNcstSkrxCZtz7aXNBDvWNk2eaBs6KD9HPcIRfm91nig=="
    }
  }
}
